
Microsoft Visual Studio Solution File, Format Version 12.00
# Visual Studio Version 17
VisualStudioVersion = 17.12.35707.178
MinimumVisualStudioVersion = 10.0.40219.1
Project("{FAE04EC0-301F-11D3-BF4B-00C04F79EFBC}") = "01_Program_Route", "01_Program_Route\01_Program_Route.csproj", "{388BC339-A117-40E7-B342-B43EB47D6C87}"
EndProject
Project("{FAE04EC0-301F-11D3-BF4B-00C04F79EFBC}") = "02_Controller_To_View", "02_Controller_To_View\02_Controller_To_View.csproj", "{4764F3D9-1C30-4F88-A2E6-0232B4AABA48}"
EndProject
Project("{FAE04EC0-301F-11D3-BF4B-00C04F79EFBC}") = "03_View_To_Controller", "03_View_To_Controller\03_View_To_Controller.csproj", "{49436E2F-80F5-45B5-A87B-23458DBFBB41}"
EndProject
Project("{FAE04EC0-301F-11D3-BF4B-00C04F79EFBC}") = "04_ViewBag_ViewData_TempData", "04_ViewBag_ViewData_TempData\04_ViewBag_ViewData_TempData.csproj", "{BCE0FF72-EF72-4B1A-BAEE-428C162321A9}"
EndProject
Project("{FAE04EC0-301F-11D3-BF4B-00C04F79EFBC}") = "05_ModelsExample", "05_ModelsExample\05_ModelsExample.csproj", "{C26CB0BD-E100-4A92-9C0C-B14C8860E6CB}"
EndProject
Project("{FAE04EC0-301F-11D3-BF4B-00C04F79EFBC}") = "06_HtmlHelpers", "06_HtmlHelpers\06_HtmlHelpers.csproj", "{94E9772E-C1C3-4D28-97ED-B2A9DE51EAD1}"
EndProject
Project("{FAE04EC0-301F-11D3-BF4B-00C04F79EFBC}") = "07_CustomHelpers", "07_CustomHelpers\07_CustomHelpers.csproj", "{4B4717FD-482B-4B81-BE90-98B589AEFE72}"
EndProject
Project("{FAE04EC0-301F-11D3-BF4B-00C04F79EFBC}") = "08_View_Layout_PartialView", "08_View_Layout_PartialView\08_View_Layout_PartialView.csproj", "{F58BC875-E29A-4048-B1C7-9E4DB535B5D3}"
EndProject
Project("{FAE04EC0-301F-11D3-BF4B-00C04F79EFBC}") = "09_Render_Nested_Section", "09_Render_Nested_Section\09_Render_Nested_Section.csproj", "{04B2DD64-91F8-4437-8004-8EDE618AADBC}"
EndProject
Project("{FAE04EC0-301F-11D3-BF4B-00C04F79EFBC}") = "10_Models_Binding", "10_Models_Binding\10_Models_Binding.csproj", "{CEA0166C-8188-4905-A0F2-9D6B28F04F7D}"
EndProject
Project("{FAE04EC0-301F-11D3-BF4B-00C04F79EFBC}") = "11_FluentValidation", "11_FluentValidation\11_FluentValidation.csproj", "{59BD26FD-7BC8-420B-99EE-CFF016A8C89B}"
EndProject
Project("{FAE04EC0-301F-11D3-BF4B-00C04F79EFBC}") = "12_Dependency_Injection", "12_Dependency_Injection\12_Dependency_Injection.csproj", "{708EB687-81D8-4EAA-86C2-AB2DEE3D22C9}"
EndProject
Global
	GlobalSection(SolutionConfigurationPlatforms) = preSolution
		Debug|Any CPU = Debug|Any CPU
		Release|Any CPU = Release|Any CPU
	EndGlobalSection
	GlobalSection(ProjectConfigurationPlatforms) = postSolution
		{388BC339-A117-40E7-B342-B43EB47D6C87}.Debug|Any CPU.ActiveCfg = Debug|Any CPU
		{388BC339-A117-40E7-B342-B43EB47D6C87}.Debug|Any CPU.Build.0 = Debug|Any CPU
		{388BC339-A117-40E7-B342-B43EB47D6C87}.Release|Any CPU.ActiveCfg = Release|Any CPU
		{388BC339-A117-40E7-B342-B43EB47D6C87}.Release|Any CPU.Build.0 = Release|Any CPU
		{4764F3D9-1C30-4F88-A2E6-0232B4AABA48}.Debug|Any CPU.ActiveCfg = Debug|Any CPU
		{4764F3D9-1C30-4F88-A2E6-0232B4AABA48}.Debug|Any CPU.Build.0 = Debug|Any CPU
		{4764F3D9-1C30-4F88-A2E6-0232B4AABA48}.Release|Any CPU.ActiveCfg = Release|Any CPU
		{4764F3D9-1C30-4F88-A2E6-0232B4AABA48}.Release|Any CPU.Build.0 = Release|Any CPU
		{49436E2F-80F5-45B5-A87B-23458DBFBB41}.Debug|Any CPU.ActiveCfg = Debug|Any CPU
		{49436E2F-80F5-45B5-A87B-23458DBFBB41}.Debug|Any CPU.Build.0 = Debug|Any CPU
		{49436E2F-80F5-45B5-A87B-23458DBFBB41}.Release|Any CPU.ActiveCfg = Release|Any CPU
		{49436E2F-80F5-45B5-A87B-23458DBFBB41}.Release|Any CPU.Build.0 = Release|Any CPU
		{BCE0FF72-EF72-4B1A-BAEE-428C162321A9}.Debug|Any CPU.ActiveCfg = Debug|Any CPU
		{BCE0FF72-EF72-4B1A-BAEE-428C162321A9}.Debug|Any CPU.Build.0 = Debug|Any CPU
		{BCE0FF72-EF72-4B1A-BAEE-428C162321A9}.Release|Any CPU.ActiveCfg = Release|Any CPU
		{BCE0FF72-EF72-4B1A-BAEE-428C162321A9}.Release|Any CPU.Build.0 = Release|Any CPU
		{C26CB0BD-E100-4A92-9C0C-B14C8860E6CB}.Debug|Any CPU.ActiveCfg = Debug|Any CPU
		{C26CB0BD-E100-4A92-9C0C-B14C8860E6CB}.Debug|Any CPU.Build.0 = Debug|Any CPU
		{C26CB0BD-E100-4A92-9C0C-B14C8860E6CB}.Release|Any CPU.ActiveCfg = Release|Any CPU
		{C26CB0BD-E100-4A92-9C0C-B14C8860E6CB}.Release|Any CPU.Build.0 = Release|Any CPU
		{94E9772E-C1C3-4D28-97ED-B2A9DE51EAD1}.Debug|Any CPU.ActiveCfg = Debug|Any CPU
		{94E9772E-C1C3-4D28-97ED-B2A9DE51EAD1}.Debug|Any CPU.Build.0 = Debug|Any CPU
		{94E9772E-C1C3-4D28-97ED-B2A9DE51EAD1}.Release|Any CPU.ActiveCfg = Release|Any CPU
		{94E9772E-C1C3-4D28-97ED-B2A9DE51EAD1}.Release|Any CPU.Build.0 = Release|Any CPU
		{4B4717FD-482B-4B81-BE90-98B589AEFE72}.Debug|Any CPU.ActiveCfg = Debug|Any CPU
		{4B4717FD-482B-4B81-BE90-98B589AEFE72}.Debug|Any CPU.Build.0 = Debug|Any CPU
		{4B4717FD-482B-4B81-BE90-98B589AEFE72}.Release|Any CPU.ActiveCfg = Release|Any CPU
		{4B4717FD-482B-4B81-BE90-98B589AEFE72}.Release|Any CPU.Build.0 = Release|Any CPU
		{F58BC875-E29A-4048-B1C7-9E4DB535B5D3}.Debug|Any CPU.ActiveCfg = Debug|Any CPU
		{F58BC875-E29A-4048-B1C7-9E4DB535B5D3}.Debug|Any CPU.Build.0 = Debug|Any CPU
		{F58BC875-E29A-4048-B1C7-9E4DB535B5D3}.Release|Any CPU.ActiveCfg = Release|Any CPU
		{F58BC875-E29A-4048-B1C7-9E4DB535B5D3}.Release|Any CPU.Build.0 = Release|Any CPU
		{04B2DD64-91F8-4437-8004-8EDE618AADBC}.Debug|Any CPU.ActiveCfg = Debug|Any CPU
		{04B2DD64-91F8-4437-8004-8EDE618AADBC}.Debug|Any CPU.Build.0 = Debug|Any CPU
		{04B2DD64-91F8-4437-8004-8EDE618AADBC}.Release|Any CPU.ActiveCfg = Release|Any CPU
		{04B2DD64-91F8-4437-8004-8EDE618AADBC}.Release|Any CPU.Build.0 = Release|Any CPU
		{CEA0166C-8188-4905-A0F2-9D6B28F04F7D}.Debug|Any CPU.ActiveCfg = Debug|Any CPU
		{CEA0166C-8188-4905-A0F2-9D6B28F04F7D}.Debug|Any CPU.Build.0 = Debug|Any CPU
		{CEA0166C-8188-4905-A0F2-9D6B28F04F7D}.Release|Any CPU.ActiveCfg = Release|Any CPU
		{CEA0166C-8188-4905-A0F2-9D6B28F04F7D}.Release|Any CPU.Build.0 = Release|Any CPU
		{59BD26FD-7BC8-420B-99EE-CFF016A8C89B}.Debug|Any CPU.ActiveCfg = Debug|Any CPU
		{59BD26FD-7BC8-420B-99EE-CFF016A8C89B}.Debug|Any CPU.Build.0 = Debug|Any CPU
		{59BD26FD-7BC8-420B-99EE-CFF016A8C89B}.Release|Any CPU.ActiveCfg = Release|Any CPU
		{59BD26FD-7BC8-420B-99EE-CFF016A8C89B}.Release|Any CPU.Build.0 = Release|Any CPU
		{708EB687-81D8-4EAA-86C2-AB2DEE3D22C9}.Debug|Any CPU.ActiveCfg = Debug|Any CPU
		{708EB687-81D8-4EAA-86C2-AB2DEE3D22C9}.Debug|Any CPU.Build.0 = Debug|Any CPU
		{708EB687-81D8-4EAA-86C2-AB2DEE3D22C9}.Release|Any CPU.ActiveCfg = Release|Any CPU
		{708EB687-81D8-4EAA-86C2-AB2DEE3D22C9}.Release|Any CPU.Build.0 = Release|Any CPU
	EndGlobalSection
	GlobalSection(SolutionProperties) = preSolution
		HideSolutionNode = FALSE
	EndGlobalSection
EndGlobal
